
Microsoft Visual Studio Solution File, Format Version 12.00
# Visual Studio Version 17
VisualStudioVersion = 17.14.36212.18
MinimumVisualStudioVersion = 10.0.40219.1
Project("{2150E333-8FDC-42A3-9474-1A3956D46DE8}") = "Controllers", "Controllers", "{02EA681E-C7D8-13C7-8484-4AC65E1B71E8}"
EndProject
Project("{2150E333-8FDC-42A3-9474-1A3956D46DE8}") = "Core", "Core", "{58896659-B26D-478E-A40E-36C6A4AF4F52}"
EndProject
Project("{2150E333-8FDC-42A3-9474-1A3956D46DE8}") = "Infrastructure", "Infrastructure", "{98729435-B0DD-4801-955B-5A2EC893DBA2}"
EndProject
Project("{FAE04EC0-301F-11D3-BF4B-00C04F79EFBC}") = "DigitalBankingAPI.Core", "DigitalBankingAPI.Core\DigitalBankingAPI.Core.csproj", "{EEE5266B-7339-4F38-AD8A-DC4209BA8A11}"
EndProject
Project("{FAE04EC0-301F-11D3-BF4B-00C04F79EFBC}") = "DigitalBankingAPI.Infrastructure", "DigitalBankingAPI.Infrastructure\DigitalBankingAPI.Infrastructure.csproj", "{70DF94D0-196C-49C3-8B45-4C59ECB70218}"
EndProject
Project("{FAE04EC0-301F-11D3-BF4B-00C04F79EFBC}") = "DigitalBankingAPI.Controllers", "DigitalBankingAPI.Controllers\DigitalBankingAPI.Controllers.csproj", "{62EA059F-7CB1-4EC8-88D9-562D5EFB7B81}"
EndProject
Global
	GlobalSection(SolutionConfigurationPlatforms) = preSolution
		Debug|Any CPU = Debug|Any CPU
		Release|Any CPU = Release|Any CPU
	EndGlobalSection
	GlobalSection(ProjectConfigurationPlatforms) = postSolution
		{EEE5266B-7339-4F38-AD8A-DC4209BA8A11}.Debug|Any CPU.ActiveCfg = Debug|Any CPU
		{EEE5266B-7339-4F38-AD8A-DC4209BA8A11}.Debug|Any CPU.Build.0 = Debug|Any CPU
		{EEE5266B-7339-4F38-AD8A-DC4209BA8A11}.Release|Any CPU.ActiveCfg = Release|Any CPU
		{EEE5266B-7339-4F38-AD8A-DC4209BA8A11}.Release|Any CPU.Build.0 = Release|Any CPU
		{70DF94D0-196C-49C3-8B45-4C59ECB70218}.Debug|Any CPU.ActiveCfg = Debug|Any CPU
		{70DF94D0-196C-49C3-8B45-4C59ECB70218}.Debug|Any CPU.Build.0 = Debug|Any CPU
		{70DF94D0-196C-49C3-8B45-4C59ECB70218}.Release|Any CPU.ActiveCfg = Release|Any CPU
		{70DF94D0-196C-49C3-8B45-4C59ECB70218}.Release|Any CPU.Build.0 = Release|Any CPU
		{62EA059F-7CB1-4EC8-88D9-562D5EFB7B81}.Debug|Any CPU.ActiveCfg = Debug|Any CPU
		{62EA059F-7CB1-4EC8-88D9-562D5EFB7B81}.Debug|Any CPU.Build.0 = Debug|Any CPU
		{62EA059F-7CB1-4EC8-88D9-562D5EFB7B81}.Release|Any CPU.ActiveCfg = Release|Any CPU
		{62EA059F-7CB1-4EC8-88D9-562D5EFB7B81}.Release|Any CPU.Build.0 = Release|Any CPU
	EndGlobalSection
	GlobalSection(SolutionProperties) = preSolution
		HideSolutionNode = FALSE
	EndGlobalSection
	GlobalSection(NestedProjects) = preSolution
		{EEE5266B-7339-4F38-AD8A-DC4209BA8A11} = {58896659-B26D-478E-A40E-36C6A4AF4F52}
		{70DF94D0-196C-49C3-8B45-4C59ECB70218} = {98729435-B0DD-4801-955B-5A2EC893DBA2}
		{62EA059F-7CB1-4EC8-88D9-562D5EFB7B81} = {02EA681E-C7D8-13C7-8484-4AC65E1B71E8}
	EndGlobalSection
	GlobalSection(ExtensibilityGlobals) = postSolution
		SolutionGuid = {431FB4B1-36CC-4EB8-8232-C54BF832BA5A}
	EndGlobalSection
EndGlobal
